
Microsoft Visual Studio Solution File, Format Version 12.00
# Visual Studio Version 16
VisualStudioVersion = 16.0.29728.190
MinimumVisualStudioVersion = 10.0.40219.1
Project("{FAE04EC0-301F-11D3-BF4B-00C04F79EFBC}") = "WindowsFormsApp", "WindowsFormsApp\WindowsFormsApp.csproj", "{D918CA7C-91D4-4542-BC07-91B6CBC7D7B9}"
EndProject
Global
	GlobalSection(SolutionConfigurationPlatforms) = preSolution
		Debug|Any CPU = Debug|Any CPU
		Release|Any CPU = Release|Any CPU
	EndGlobalSection
	GlobalSection(ProjectConfigurationPlatforms) = postSolution
		{D918CA7C-91D4-4542-BC07-91B6CBC7D7B9}.Debug|Any CPU.ActiveCfg = Debug|Any CPU
		{D918CA7C-91D4-4542-BC07-91B6CBC7D7B9}.Debug|Any CPU.Build.0 = Debug|Any CPU
		{D918CA7C-91D4-4542-BC07-91B6CBC7D7B9}.Release|Any CPU.ActiveCfg = Release|Any CPU
		{D918CA7C-91D4-4542-BC07-91B6CBC7D7B9}.Release|Any CPU.Build.0 = Release|Any CPU
	EndGlobalSection
	GlobalSection(SolutionProperties) = preSolution
		HideSolutionNode = FALSE
	EndGlobalSection
	GlobalSection(ExtensibilityGlobals) = postSolution
		SolutionGuid = {C93473E0-60C4-42BE-BC4D-3FD8CC3E0F4F}
	EndGlobalSection
EndGlobal
