
Microsoft Visual Studio Solution File, Format Version 12.00
# Visual Studio Version 16
VisualStudioVersion = 16.0.29709.97
MinimumVisualStudioVersion = 10.0.40219.1
Project("{FAE04EC0-301F-11D3-BF4B-00C04F79EFBC}") = "WindowsFormsApp", "WindowsFormsApp\WindowsFormsApp.csproj", "{18DD31EA-15A3-46B0-87F5-A379A6D3223C}"
EndProject
Global
	GlobalSection(SolutionConfigurationPlatforms) = preSolution
		Debug|Any CPU = Debug|Any CPU
		Release|Any CPU = Release|Any CPU
	EndGlobalSection
	GlobalSection(ProjectConfigurationPlatforms) = postSolution
		{18DD31EA-15A3-46B0-87F5-A379A6D3223C}.Debug|Any CPU.ActiveCfg = Debug|Any CPU
		{18DD31EA-15A3-46B0-87F5-A379A6D3223C}.Debug|Any CPU.Build.0 = Debug|Any CPU
		{18DD31EA-15A3-46B0-87F5-A379A6D3223C}.Release|Any CPU.ActiveCfg = Release|Any CPU
		{18DD31EA-15A3-46B0-87F5-A379A6D3223C}.Release|Any CPU.Build.0 = Release|Any CPU
	EndGlobalSection
	GlobalSection(SolutionProperties) = preSolution
		HideSolutionNode = FALSE
	EndGlobalSection
	GlobalSection(ExtensibilityGlobals) = postSolution
		SolutionGuid = {AD9C8B53-4F6D-43E7-9673-EE311EB2C218}
	EndGlobalSection
EndGlobal
