
Microsoft Visual Studio Solution File, Format Version 12.00
# Visual Studio Version 16
VisualStudioVersion = 16.0.30907.101
MinimumVisualStudioVersion = 10.0.40219.1
Project("{FAE04EC0-301F-11D3-BF4B-00C04F79EFBC}") = "ConsoleTestApp", "ConsoleTestApp\ConsoleTestApp.csproj", "{DC6A0D8F-083A-4CF0-A970-80C99486973F}"
EndProject
Global
	GlobalSection(SolutionConfigurationPlatforms) = preSolution
		Debug|Any CPU = Debug|Any CPU
		Release|Any CPU = Release|Any CPU
	EndGlobalSection
	GlobalSection(ProjectConfigurationPlatforms) = postSolution
		{DC6A0D8F-083A-4CF0-A970-80C99486973F}.Debug|Any CPU.ActiveCfg = Debug|Any CPU
		{DC6A0D8F-083A-4CF0-A970-80C99486973F}.Debug|Any CPU.Build.0 = Debug|Any CPU
		{DC6A0D8F-083A-4CF0-A970-80C99486973F}.Release|Any CPU.ActiveCfg = Release|Any CPU
		{DC6A0D8F-083A-4CF0-A970-80C99486973F}.Release|Any CPU.Build.0 = Release|Any CPU
	EndGlobalSection
	GlobalSection(SolutionProperties) = preSolution
		HideSolutionNode = FALSE
	EndGlobalSection
	GlobalSection(ExtensibilityGlobals) = postSolution
		SolutionGuid = {34CCDAA9-9BC2-4890-9E86-6345884730FA}
	EndGlobalSection
EndGlobal
