
Microsoft Visual Studio Solution File, Format Version 12.00
# Visual Studio Version 16
VisualStudioVersion = 16.0.30011.22
MinimumVisualStudioVersion = 10.0.40219.1
Project("{FAE04EC0-301F-11D3-BF4B-00C04F79EFBC}") = "BelTamojService", "BelTamojService\BelTamojService.csproj", "{E7349EBD-A4DE-415C-B80F-07EBACA0AF61}"
EndProject
Global
	GlobalSection(SolutionConfigurationPlatforms) = preSolution
		Debug|Any CPU = Debug|Any CPU
		Release|Any CPU = Release|Any CPU
	EndGlobalSection
	GlobalSection(ProjectConfigurationPlatforms) = postSolution
		{E7349EBD-A4DE-415C-B80F-07EBACA0AF61}.Debug|Any CPU.ActiveCfg = Debug|Any CPU
		{E7349EBD-A4DE-415C-B80F-07EBACA0AF61}.Debug|Any CPU.Build.0 = Debug|Any CPU
		{E7349EBD-A4DE-415C-B80F-07EBACA0AF61}.Release|Any CPU.ActiveCfg = Release|Any CPU
		{E7349EBD-A4DE-415C-B80F-07EBACA0AF61}.Release|Any CPU.Build.0 = Release|Any CPU
	EndGlobalSection
	GlobalSection(SolutionProperties) = preSolution
		HideSolutionNode = FALSE
	EndGlobalSection
	GlobalSection(ExtensibilityGlobals) = postSolution
		SolutionGuid = {87772C65-D371-4278-9B34-DA05E75CB857}
	EndGlobalSection
EndGlobal
