
Microsoft Visual Studio Solution File, Format Version 12.00
# Visual Studio Version 16
VisualStudioVersion = 16.0.29709.97
MinimumVisualStudioVersion = 10.0.40219.1
Project("{FAE04EC0-301F-11D3-BF4B-00C04F79EFBC}") = "WindowsFormsListBox", "WindowsFormsListBox\WindowsFormsListBox.csproj", "{A73DA9F2-4617-4CEC-8BED-D48F7DF13023}"
EndProject
Global
	GlobalSection(SolutionConfigurationPlatforms) = preSolution
		Debug|Any CPU = Debug|Any CPU
		Release|Any CPU = Release|Any CPU
	EndGlobalSection
	GlobalSection(ProjectConfigurationPlatforms) = postSolution
		{A73DA9F2-4617-4CEC-8BED-D48F7DF13023}.Debug|Any CPU.ActiveCfg = Debug|Any CPU
		{A73DA9F2-4617-4CEC-8BED-D48F7DF13023}.Debug|Any CPU.Build.0 = Debug|Any CPU
		{A73DA9F2-4617-4CEC-8BED-D48F7DF13023}.Release|Any CPU.ActiveCfg = Release|Any CPU
		{A73DA9F2-4617-4CEC-8BED-D48F7DF13023}.Release|Any CPU.Build.0 = Release|Any CPU
	EndGlobalSection
	GlobalSection(SolutionProperties) = preSolution
		HideSolutionNode = FALSE
	EndGlobalSection
	GlobalSection(ExtensibilityGlobals) = postSolution
		SolutionGuid = {D3F83477-2364-4630-A395-FB381066A928}
	EndGlobalSection
EndGlobal
