
Microsoft Visual Studio Solution File, Format Version 12.00
# Visual Studio Version 16
VisualStudioVersion = 16.0.30011.22
MinimumVisualStudioVersion = 10.0.40219.1
Project("{FAE04EC0-301F-11D3-BF4B-00C04F79EFBC}") = "WindowsFormsComboDataset", "WindowsFormsComboDataset\WindowsFormsComboDataset.csproj", "{288923D0-3D76-445F-AE1C-3FF53628B8A6}"
EndProject
Project("{2150E333-8FDC-42A3-9474-1A3956D46DE8}") = "screenshot", "screenshot", "{1821AE87-C4DE-4722-BB5A-2EC42C275CA3}"
	ProjectSection(SolutionItems) = preProject
		..\..\..\..\OneDrive\Pictures\Снимки экрана\01.png = ..\..\..\..\OneDrive\Pictures\Снимки экрана\01.png
		..\..\..\..\OneDrive\Pictures\Снимки экрана\02.png = ..\..\..\..\OneDrive\Pictures\Снимки экрана\02.png
		..\..\..\..\OneDrive\Pictures\Снимки экрана\03.png = ..\..\..\..\OneDrive\Pictures\Снимки экрана\03.png
		..\..\..\..\OneDrive\Pictures\Снимки экрана\04.png = ..\..\..\..\OneDrive\Pictures\Снимки экрана\04.png
		..\..\..\..\OneDrive\Pictures\Снимки экрана\05.png = ..\..\..\..\OneDrive\Pictures\Снимки экрана\05.png
		..\..\..\..\OneDrive\Pictures\Снимки экрана\05_1.png = ..\..\..\..\OneDrive\Pictures\Снимки экрана\05_1.png
		..\..\..\..\OneDrive\Pictures\Снимки экрана\06.png = ..\..\..\..\OneDrive\Pictures\Снимки экрана\06.png
		..\..\..\..\OneDrive\Pictures\Снимки экрана\08.jpg = ..\..\..\..\OneDrive\Pictures\Снимки экрана\08.jpg
		..\..\..\..\OneDrive\Pictures\Снимки экрана\08_1.jpg = ..\..\..\..\OneDrive\Pictures\Снимки экрана\08_1.jpg
		..\..\..\..\OneDrive\Pictures\Снимки экрана\09.jpg = ..\..\..\..\OneDrive\Pictures\Снимки экрана\09.jpg
		..\..\..\..\OneDrive\Pictures\Снимки экрана\10.jpg = ..\..\..\..\OneDrive\Pictures\Снимки экрана\10.jpg
		..\..\..\..\Desktop\demo1.gif = ..\..\..\..\Desktop\demo1.gif
	EndProjectSection
EndProject
Global
	GlobalSection(SolutionConfigurationPlatforms) = preSolution
		Debug|Any CPU = Debug|Any CPU
		Release|Any CPU = Release|Any CPU
	EndGlobalSection
	GlobalSection(ProjectConfigurationPlatforms) = postSolution
		{288923D0-3D76-445F-AE1C-3FF53628B8A6}.Debug|Any CPU.ActiveCfg = Debug|Any CPU
		{288923D0-3D76-445F-AE1C-3FF53628B8A6}.Debug|Any CPU.Build.0 = Debug|Any CPU
		{288923D0-3D76-445F-AE1C-3FF53628B8A6}.Release|Any CPU.ActiveCfg = Release|Any CPU
		{288923D0-3D76-445F-AE1C-3FF53628B8A6}.Release|Any CPU.Build.0 = Release|Any CPU
	EndGlobalSection
	GlobalSection(SolutionProperties) = preSolution
		HideSolutionNode = FALSE
	EndGlobalSection
	GlobalSection(ExtensibilityGlobals) = postSolution
		SolutionGuid = {245B55F3-C852-4BAE-B720-8A5AAF06BFAB}
	EndGlobalSection
EndGlobal
