
Microsoft Visual Studio Solution File, Format Version 12.00
# Visual Studio Version 16
VisualStudioVersion = 16.0.30804.86
MinimumVisualStudioVersion = 10.0.40219.1
Project("{FAE04EC0-301F-11D3-BF4B-00C04F79EFBC}") = "WinFormsUI", "WinFormsUI\WinFormsUI.csproj", "{0658A943-3D51-4ADE-87F3-A8509D6C04B2}"
EndProject
Project("{FAE04EC0-301F-11D3-BF4B-00C04F79EFBC}") = "Rectangle.Core", "Rectangle.Core\Rectangle.Core.csproj", "{61BC8065-7266-41DA-91F4-57A0A83FA102}"
EndProject
Project("{FAE04EC0-301F-11D3-BF4B-00C04F79EFBC}") = "Rectangle.Tests", "Rectangle.Tests\Rectangle.Tests.csproj", "{58014FC5-866A-4A40-86C4-CBD3A1FC8F67}"
EndProject
Global
	GlobalSection(SolutionConfigurationPlatforms) = preSolution
		Debug|Any CPU = Debug|Any CPU
		Release|Any CPU = Release|Any CPU
	EndGlobalSection
	GlobalSection(ProjectConfigurationPlatforms) = postSolution
		{0658A943-3D51-4ADE-87F3-A8509D6C04B2}.Debug|Any CPU.ActiveCfg = Debug|Any CPU
		{0658A943-3D51-4ADE-87F3-A8509D6C04B2}.Debug|Any CPU.Build.0 = Debug|Any CPU
		{0658A943-3D51-4ADE-87F3-A8509D6C04B2}.Release|Any CPU.ActiveCfg = Release|Any CPU
		{0658A943-3D51-4ADE-87F3-A8509D6C04B2}.Release|Any CPU.Build.0 = Release|Any CPU
		{61BC8065-7266-41DA-91F4-57A0A83FA102}.Debug|Any CPU.ActiveCfg = Debug|Any CPU
		{61BC8065-7266-41DA-91F4-57A0A83FA102}.Debug|Any CPU.Build.0 = Debug|Any CPU
		{61BC8065-7266-41DA-91F4-57A0A83FA102}.Release|Any CPU.ActiveCfg = Release|Any CPU
		{61BC8065-7266-41DA-91F4-57A0A83FA102}.Release|Any CPU.Build.0 = Release|Any CPU
		{58014FC5-866A-4A40-86C4-CBD3A1FC8F67}.Debug|Any CPU.ActiveCfg = Debug|Any CPU
		{58014FC5-866A-4A40-86C4-CBD3A1FC8F67}.Debug|Any CPU.Build.0 = Debug|Any CPU
		{58014FC5-866A-4A40-86C4-CBD3A1FC8F67}.Release|Any CPU.ActiveCfg = Release|Any CPU
		{58014FC5-866A-4A40-86C4-CBD3A1FC8F67}.Release|Any CPU.Build.0 = Release|Any CPU
	EndGlobalSection
	GlobalSection(SolutionProperties) = preSolution
		HideSolutionNode = FALSE
	EndGlobalSection
	GlobalSection(ExtensibilityGlobals) = postSolution
		SolutionGuid = {A654A2EB-45F2-4AF0-AC68-AC70D98BA162}
	EndGlobalSection
EndGlobal
