
Microsoft Visual Studio Solution File, Format Version 12.00
# Visual Studio Version 16
VisualStudioVersion = 16.0.30011.22
MinimumVisualStudioVersion = 10.0.40219.1
Project("{FAE04EC0-301F-11D3-BF4B-00C04F79EFBC}") = "ConsoleAppRecords", "ConsoleAppRecords\ConsoleAppRecords.csproj", "{D7C23074-B2A3-45BB-913D-BCF7EEA6FE79}"
EndProject
Global
	GlobalSection(SolutionConfigurationPlatforms) = preSolution
		Debug|Any CPU = Debug|Any CPU
		Release|Any CPU = Release|Any CPU
	EndGlobalSection
	GlobalSection(ProjectConfigurationPlatforms) = postSolution
		{D7C23074-B2A3-45BB-913D-BCF7EEA6FE79}.Debug|Any CPU.ActiveCfg = Debug|Any CPU
		{D7C23074-B2A3-45BB-913D-BCF7EEA6FE79}.Debug|Any CPU.Build.0 = Debug|Any CPU
		{D7C23074-B2A3-45BB-913D-BCF7EEA6FE79}.Release|Any CPU.ActiveCfg = Release|Any CPU
		{D7C23074-B2A3-45BB-913D-BCF7EEA6FE79}.Release|Any CPU.Build.0 = Release|Any CPU
	EndGlobalSection
	GlobalSection(SolutionProperties) = preSolution
		HideSolutionNode = FALSE
	EndGlobalSection
	GlobalSection(ExtensibilityGlobals) = postSolution
		SolutionGuid = {EA4CF9EB-564E-40E1-845F-9C1D7DD19A87}
	EndGlobalSection
EndGlobal
