
Microsoft Visual Studio Solution File, Format Version 12.00
# Visual Studio 15
VisualStudioVersion = 15.0.28010.2041
MinimumVisualStudioVersion = 10.0.40219.1
Project("{FAE04EC0-301F-11D3-BF4B-00C04F79EFBC}") = "ToExcelUI", "ToExcelUI\ToExcelUI.csproj", "{18E344CB-F13C-4A04-B1C8-ED3DEC446AEC}"
EndProject
Global
	GlobalSection(SolutionConfigurationPlatforms) = preSolution
		Debug|Any CPU = Debug|Any CPU
		Release|Any CPU = Release|Any CPU
	EndGlobalSection
	GlobalSection(ProjectConfigurationPlatforms) = postSolution
		{18E344CB-F13C-4A04-B1C8-ED3DEC446AEC}.Debug|Any CPU.ActiveCfg = Debug|Any CPU
		{18E344CB-F13C-4A04-B1C8-ED3DEC446AEC}.Debug|Any CPU.Build.0 = Debug|Any CPU
		{18E344CB-F13C-4A04-B1C8-ED3DEC446AEC}.Release|Any CPU.ActiveCfg = Release|Any CPU
		{18E344CB-F13C-4A04-B1C8-ED3DEC446AEC}.Release|Any CPU.Build.0 = Release|Any CPU
	EndGlobalSection
	GlobalSection(SolutionProperties) = preSolution
		HideSolutionNode = FALSE
	EndGlobalSection
	GlobalSection(ExtensibilityGlobals) = postSolution
		SolutionGuid = {05A55A03-85A7-4D58-B848-8C3D7F885D3F}
	EndGlobalSection
EndGlobal
